{
  "name": "@fitfak/idp",
  "version": "1.0.0",
  "lockfileVersion": 3,
  "requires": true,
  "packages": {
    "": {
      "name": "@fitfak/idp",
      "version": "1.0.0",
      "license": "UNLICENSED",
      "dependencies": {
        "@fitfak/database": "^1.0.0",
        "@fitfak/qr": "^1.0.0",
        "@fitfak/ssl": "^1.0.2"
      },
      "engines": {
        "node": ">=20.0.0"
      }
    },
    "node_modules/@fitfak/database": {
      "version": "1.0.0",
      "resolved": "https://registry.npmjs.org/@fitfak/database/-/database-1.0.0.tgz",
      "integrity": "sha512-ke8xxQvgsTv0zI3QpQqzUU5jo+Vzh1gmPk3Myv24o+Mi/4tpXebwddu8oERuYGgNsYSxbkJaY+mhehd//mGUeQ==",
      "license": "MIT",
      "engines": {
        "node": ">=18"
      }
    },
    "node_modules/@fitfak/qr": {
      "version": "1.0.0",
      "resolved": "https://registry.npmjs.org/@fitfak/qr/-/qr-1.0.0.tgz",
      "integrity": "sha512-qnNvw1dAw5QO2jAYKpzsFqDopjnypzA/bIqhf+5/5IIccVk5rVYgmkiG2K1qDyGGq1qd/gbo1K6gAtax94phlQ==",
      "license": "MIT",
      "engines": {
        "node": ">=20.0.0"
      }
    },
    "node_modules/@fitfak/ssl": {
      "version": "1.0.2",
      "resolved": "https://registry.npmjs.org/@fitfak/ssl/-/ssl-1.0.2.tgz",
      "integrity": "sha512-s7t8jjU6B56s0/Y9apPYgIds3GMIvoEjDpiW6MTC7vOufwbPPRnu+vXkctrqa7h8dyOVDU00fmLEh2mux+CqdQ==",
      "license": "MIT",
      "engines": {
        "node": ">=20.0.0"
      }
    }
  }
}
